
Microsoft Visual Studio Solution File, Format Version 12.00
# Visual Studio Version 17
VisualStudioVersion = 17.3.32825.248
MinimumVisualStudioVersion = 10.0.40219.1
Project("{9A19103F-16F7-4668-BE54-9A1E7A4F7556}") = "MoonV", "MoonV.csproj", "{1871AD29-FDB1-4525-A713-E786077B6A4B}"
EndProject
Project("{9A19103F-16F7-4668-BE54-9A1E7A4F7556}") = "DiscordBot", "..\DiscordBot\DiscordBot.csproj", "{9F7E0C04-DABC-456C-8700-675E94668385}"
EndProject
Global
	GlobalSection(SolutionConfigurationPlatforms) = preSolution
		Debug|Any CPU = Debug|Any CPU
		Release|Any CPU = Release|Any CPU
	EndGlobalSection
	GlobalSection(ProjectConfigurationPlatforms) = postSolution
		{1871AD29-FDB1-4525-A713-E786077B6A4B}.Debug|Any CPU.ActiveCfg = Debug|Any CPU
		{1871AD29-FDB1-4525-A713-E786077B6A4B}.Debug|Any CPU.Build.0 = Debug|Any CPU
		{1871AD29-FDB1-4525-A713-E786077B6A4B}.Release|Any CPU.ActiveCfg = Release|Any CPU
		{1871AD29-FDB1-4525-A713-E786077B6A4B}.Release|Any CPU.Build.0 = Release|Any CPU
		{9F7E0C04-DABC-456C-8700-675E94668385}.Debug|Any CPU.ActiveCfg = Debug|Any CPU
		{9F7E0C04-DABC-456C-8700-675E94668385}.Debug|Any CPU.Build.0 = Debug|Any CPU
		{9F7E0C04-DABC-456C-8700-675E94668385}.Release|Any CPU.ActiveCfg = Release|Any CPU
		{9F7E0C04-DABC-456C-8700-675E94668385}.Release|Any CPU.Build.0 = Release|Any CPU
	EndGlobalSection
	GlobalSection(SolutionProperties) = preSolution
		HideSolutionNode = FALSE
	EndGlobalSection
	GlobalSection(ExtensibilityGlobals) = postSolution
		SolutionGuid = {C3BC1E6D-A229-448B-9A4C-C4C35126CA1E}
	EndGlobalSection
EndGlobal
